
Microsoft Visual Studio Solution File, Format Version 12.00
# Visual Studio 15
VisualStudioVersion = 15.0.28307.489
MinimumVisualStudioVersion = 10.0.40219.1
Project("{FAE04EC0-301F-11D3-BF4B-00C04F79EFBC}") = "Metro", "Metro\Metro.csproj", "{F382501F-3AD5-45BA-8EFF-AEA0E0A57E37}"
EndProject
Global
	GlobalSection(SolutionConfigurationPlatforms) = preSolution
		Debug|Any CPU = Debug|Any CPU
		Release|Any CPU = Release|Any CPU
	EndGlobalSection
	GlobalSection(ProjectConfigurationPlatforms) = postSolution
		{F382501F-3AD5-45BA-8EFF-AEA0E0A57E37}.Debug|Any CPU.ActiveCfg = Debug|Any CPU
		{F382501F-3AD5-45BA-8EFF-AEA0E0A57E37}.Debug|Any CPU.Build.0 = Debug|Any CPU
		{F382501F-3AD5-45BA-8EFF-AEA0E0A57E37}.Release|Any CPU.ActiveCfg = Release|Any CPU
		{F382501F-3AD5-45BA-8EFF-AEA0E0A57E37}.Release|Any CPU.Build.0 = Release|Any CPU
	EndGlobalSection
	GlobalSection(SolutionProperties) = preSolution
		HideSolutionNode = FALSE
	EndGlobalSection
	GlobalSection(ExtensibilityGlobals) = postSolution
		SolutionGuid = {BFE461B4-6CBC-4BA8-BDBB-B07E13C25198}
	EndGlobalSection
EndGlobal
